
Microsoft Visual Studio Solution File, Format Version 12.00
# Visual Studio Version 17
VisualStudioVersion = 17.1.32319.34
MinimumVisualStudioVersion = 10.0.40219.1
Project("{9A19103F-16F7-4668-BE54-9A1E7A4F7556}") = "TestyJednostkowe", "TestyJednostkowe\TestyJednostkowe.csproj", "{49C64A37-8FA7-4412-B64B-F9093A1536DD}"
EndProject
Project("{9A19103F-16F7-4668-BE54-9A1E7A4F7556}") = "Wspolbiezne", "Wspolbiezne\Wspolbiezne.csproj", "{35FC6102-0996-4029-B51C-7FB4B299B767}"
EndProject
Global
	GlobalSection(SolutionConfigurationPlatforms) = preSolution
		Debug|Any CPU = Debug|Any CPU
		Release|Any CPU = Release|Any CPU
	EndGlobalSection
	GlobalSection(ProjectConfigurationPlatforms) = postSolution
		{49C64A37-8FA7-4412-B64B-F9093A1536DD}.Debug|Any CPU.ActiveCfg = Debug|Any CPU
		{49C64A37-8FA7-4412-B64B-F9093A1536DD}.Debug|Any CPU.Build.0 = Debug|Any CPU
		{49C64A37-8FA7-4412-B64B-F9093A1536DD}.Release|Any CPU.ActiveCfg = Release|Any CPU
		{49C64A37-8FA7-4412-B64B-F9093A1536DD}.Release|Any CPU.Build.0 = Release|Any CPU
		{35FC6102-0996-4029-B51C-7FB4B299B767}.Debug|Any CPU.ActiveCfg = Debug|Any CPU
		{35FC6102-0996-4029-B51C-7FB4B299B767}.Debug|Any CPU.Build.0 = Debug|Any CPU
		{35FC6102-0996-4029-B51C-7FB4B299B767}.Release|Any CPU.ActiveCfg = Release|Any CPU
		{35FC6102-0996-4029-B51C-7FB4B299B767}.Release|Any CPU.Build.0 = Release|Any CPU
	EndGlobalSection
	GlobalSection(SolutionProperties) = preSolution
		HideSolutionNode = FALSE
	EndGlobalSection
	GlobalSection(ExtensibilityGlobals) = postSolution
		SolutionGuid = {D68E1666-6373-414B-A902-94B333DA5306}
	EndGlobalSection
EndGlobal
